
Microsoft Visual Studio Solution File, Format Version 12.00
# Visual Studio Version 17
VisualStudioVersion = 17.3.32929.385
MinimumVisualStudioVersion = 10.0.40219.1
Project("{FAE04EC0-301F-11D3-BF4B-00C04F79EFBC}") = "Rock-Paper-Scissors", "Rock-Paper-Scissors\Rock-Paper-Scissors.csproj", "{1993378D-6873-45FC-88A9-73148944E27E}"
EndProject
Global
	GlobalSection(SolutionConfigurationPlatforms) = preSolution
		Debug|Any CPU = Debug|Any CPU
		Release|Any CPU = Release|Any CPU
	EndGlobalSection
	GlobalSection(ProjectConfigurationPlatforms) = postSolution
		{1993378D-6873-45FC-88A9-73148944E27E}.Debug|Any CPU.ActiveCfg = Debug|Any CPU
		{1993378D-6873-45FC-88A9-73148944E27E}.Debug|Any CPU.Build.0 = Debug|Any CPU
		{1993378D-6873-45FC-88A9-73148944E27E}.Release|Any CPU.ActiveCfg = Release|Any CPU
		{1993378D-6873-45FC-88A9-73148944E27E}.Release|Any CPU.Build.0 = Release|Any CPU
	EndGlobalSection
	GlobalSection(SolutionProperties) = preSolution
		HideSolutionNode = FALSE
	EndGlobalSection
	GlobalSection(ExtensibilityGlobals) = postSolution
		SolutionGuid = {852F2040-46C4-4222-A48C-BD6582AACE07}
	EndGlobalSection
EndGlobal
